
Microsoft Visual Studio Solution File, Format Version 12.00
# Visual Studio 14
VisualStudioVersion = 14.0.23107.0
MinimumVisualStudioVersion = 10.0.40219.1
Project("{2150E333-8FDC-42A3-9474-1A3956D46DE8}") = "Middle Tier", "Middle Tier", "{9C439B7B-33A0-45F9-A3E3-0072777EA38C}"
EndProject
Project("{2150E333-8FDC-42A3-9474-1A3956D46DE8}") = "Data Tier", "Data Tier", "{48EF4D4C-E5C4-4B45-9DF9-43C8355666E6}"
EndProject
Project("{2150E333-8FDC-42A3-9474-1A3956D46DE8}") = "Front End", "Front End", "{B6BD2EAC-30C6-4CA3-ACF0-17827C0AD04E}"
EndProject
Project("{2150E333-8FDC-42A3-9474-1A3956D46DE8}") = "Test", "Test", "{E067F0A2-6411-402A-ADBA-4466313FC5B8}"
EndProject
Project("{2150E333-8FDC-42A3-9474-1A3956D46DE8}") = "Libraries", "Libraries", "{1B083BA9-21C4-4206-896C-0E70A3D26590}"
EndProject
Project("{2150E333-8FDC-42A3-9474-1A3956D46DE8}") = "Tools", "Tools", "{ABBF57CA-74EC-4FA8-9D25-E19C284AE701}"
EndProject
Project("{72F1FD5F-E859-32D1-A786-58E2842749F4}") = "BackgroundBeast", "BackgroundBeast\BackgroundBeast.ccproj", "{B08BAE3F-0831-44B8-BC2F-D2AC08C6BA07}"
EndProject
Project("{FAE04EC0-301F-11D3-BF4B-00C04F79EFBC}") = "BeastMode", "BeastMode\BeastMode.csproj", "{CF0CD72A-F439-40D7-B4B6-B0116DF08792}"
EndProject
Project("{FAE04EC0-301F-11D3-BF4B-00C04F79EFBC}") = "Borentra", "Borentra\Borentra.csproj", "{3799D458-9DD6-4C61-9CCF-6412AEE97300}"
EndProject
Project("{FAE04EC0-301F-11D3-BF4B-00C04F79EFBC}") = "Tests", "Tests\Tests.csproj", "{79EA979F-ED31-4A48-95E3-59E616703846}"
EndProject
Project("{FAE04EC0-301F-11D3-BF4B-00C04F79EFBC}") = "Generator", "Data\Generator\Generator.csproj", "{1314ED27-FFD3-4B26-B834-B608B18380D3}"
EndProject
Project("{00D1A9C2-B5F0-4AF3-8072-F6C62B433612}") = "SICDB", "Data\SharingIsCaring\SICDB.sqlproj", "{36F1FE3C-151F-42C9-B105-E96738213951}"
EndProject
Project("{00D1A9C2-B5F0-4AF3-8072-F6C62B433612}") = "SIC-Auth", "Data\SIC-Auth\SIC-Auth.sqlproj", "{09EA8184-BC1A-44AB-8A6E-B1FFB1EF7984}"
EndProject
Global
	GlobalSection(SolutionConfigurationPlatforms) = preSolution
		Debug|Any CPU = Debug|Any CPU
		Debug|ARM = Debug|ARM
		Debug|x64 = Debug|x64
		Debug|x86 = Debug|x86
		Release|Any CPU = Release|Any CPU
		Release|ARM = Release|ARM
		Release|x64 = Release|x64
		Release|x86 = Release|x86
	EndGlobalSection
	GlobalSection(ProjectConfigurationPlatforms) = postSolution
		{B08BAE3F-0831-44B8-BC2F-D2AC08C6BA07}.Debug|Any CPU.ActiveCfg = Debug|Any CPU
		{B08BAE3F-0831-44B8-BC2F-D2AC08C6BA07}.Debug|Any CPU.Build.0 = Debug|Any CPU
		{B08BAE3F-0831-44B8-BC2F-D2AC08C6BA07}.Debug|ARM.ActiveCfg = Debug|Any CPU
		{B08BAE3F-0831-44B8-BC2F-D2AC08C6BA07}.Debug|x64.ActiveCfg = Debug|Any CPU
		{B08BAE3F-0831-44B8-BC2F-D2AC08C6BA07}.Debug|x86.ActiveCfg = Debug|Any CPU
		{B08BAE3F-0831-44B8-BC2F-D2AC08C6BA07}.Release|Any CPU.ActiveCfg = Release|Any CPU
		{B08BAE3F-0831-44B8-BC2F-D2AC08C6BA07}.Release|Any CPU.Build.0 = Release|Any CPU
		{B08BAE3F-0831-44B8-BC2F-D2AC08C6BA07}.Release|ARM.ActiveCfg = Release|Any CPU
		{B08BAE3F-0831-44B8-BC2F-D2AC08C6BA07}.Release|x64.ActiveCfg = Release|Any CPU
		{B08BAE3F-0831-44B8-BC2F-D2AC08C6BA07}.Release|x86.ActiveCfg = Release|Any CPU
		{CF0CD72A-F439-40D7-B4B6-B0116DF08792}.Debug|Any CPU.ActiveCfg = Debug|Any CPU
		{CF0CD72A-F439-40D7-B4B6-B0116DF08792}.Debug|Any CPU.Build.0 = Debug|Any CPU
		{CF0CD72A-F439-40D7-B4B6-B0116DF08792}.Debug|ARM.ActiveCfg = Debug|Any CPU
		{CF0CD72A-F439-40D7-B4B6-B0116DF08792}.Debug|x64.ActiveCfg = Debug|Any CPU
		{CF0CD72A-F439-40D7-B4B6-B0116DF08792}.Debug|x86.ActiveCfg = Debug|Any CPU
		{CF0CD72A-F439-40D7-B4B6-B0116DF08792}.Release|Any CPU.ActiveCfg = Release|Any CPU
		{CF0CD72A-F439-40D7-B4B6-B0116DF08792}.Release|Any CPU.Build.0 = Release|Any CPU
		{CF0CD72A-F439-40D7-B4B6-B0116DF08792}.Release|ARM.ActiveCfg = Release|Any CPU
		{CF0CD72A-F439-40D7-B4B6-B0116DF08792}.Release|x64.ActiveCfg = Release|Any CPU
		{CF0CD72A-F439-40D7-B4B6-B0116DF08792}.Release|x86.ActiveCfg = Release|Any CPU
		{3799D458-9DD6-4C61-9CCF-6412AEE97300}.Debug|Any CPU.ActiveCfg = Debug|Any CPU
		{3799D458-9DD6-4C61-9CCF-6412AEE97300}.Debug|Any CPU.Build.0 = Debug|Any CPU
		{3799D458-9DD6-4C61-9CCF-6412AEE97300}.Debug|ARM.ActiveCfg = Debug|Any CPU
		{3799D458-9DD6-4C61-9CCF-6412AEE97300}.Debug|x64.ActiveCfg = Debug|Any CPU
		{3799D458-9DD6-4C61-9CCF-6412AEE97300}.Debug|x86.ActiveCfg = Debug|Any CPU
		{3799D458-9DD6-4C61-9CCF-6412AEE97300}.Release|Any CPU.ActiveCfg = Release|Any CPU
		{3799D458-9DD6-4C61-9CCF-6412AEE97300}.Release|Any CPU.Build.0 = Release|Any CPU
		{3799D458-9DD6-4C61-9CCF-6412AEE97300}.Release|ARM.ActiveCfg = Release|Any CPU
		{3799D458-9DD6-4C61-9CCF-6412AEE97300}.Release|x64.ActiveCfg = Release|Any CPU
		{3799D458-9DD6-4C61-9CCF-6412AEE97300}.Release|x86.ActiveCfg = Release|Any CPU
		{79EA979F-ED31-4A48-95E3-59E616703846}.Debug|Any CPU.ActiveCfg = Debug|Any CPU
		{79EA979F-ED31-4A48-95E3-59E616703846}.Debug|Any CPU.Build.0 = Debug|Any CPU
		{79EA979F-ED31-4A48-95E3-59E616703846}.Debug|ARM.ActiveCfg = Debug|Any CPU
		{79EA979F-ED31-4A48-95E3-59E616703846}.Debug|x64.ActiveCfg = Debug|Any CPU
		{79EA979F-ED31-4A48-95E3-59E616703846}.Debug|x86.ActiveCfg = Debug|Any CPU
		{79EA979F-ED31-4A48-95E3-59E616703846}.Release|Any CPU.ActiveCfg = Release|Any CPU
		{79EA979F-ED31-4A48-95E3-59E616703846}.Release|Any CPU.Build.0 = Release|Any CPU
		{79EA979F-ED31-4A48-95E3-59E616703846}.Release|ARM.ActiveCfg = Release|Any CPU
		{79EA979F-ED31-4A48-95E3-59E616703846}.Release|x64.ActiveCfg = Release|Any CPU
		{79EA979F-ED31-4A48-95E3-59E616703846}.Release|x86.ActiveCfg = Release|Any CPU
		{1314ED27-FFD3-4B26-B834-B608B18380D3}.Debug|Any CPU.ActiveCfg = Debug|Any CPU
		{1314ED27-FFD3-4B26-B834-B608B18380D3}.Debug|Any CPU.Build.0 = Debug|Any CPU
		{1314ED27-FFD3-4B26-B834-B608B18380D3}.Debug|ARM.ActiveCfg = Debug|Any CPU
		{1314ED27-FFD3-4B26-B834-B608B18380D3}.Debug|x64.ActiveCfg = Debug|Any CPU
		{1314ED27-FFD3-4B26-B834-B608B18380D3}.Debug|x86.ActiveCfg = Debug|Any CPU
		{1314ED27-FFD3-4B26-B834-B608B18380D3}.Release|Any CPU.ActiveCfg = Release|Any CPU
		{1314ED27-FFD3-4B26-B834-B608B18380D3}.Release|Any CPU.Build.0 = Release|Any CPU
		{1314ED27-FFD3-4B26-B834-B608B18380D3}.Release|ARM.ActiveCfg = Release|Any CPU
		{1314ED27-FFD3-4B26-B834-B608B18380D3}.Release|x64.ActiveCfg = Release|Any CPU
		{1314ED27-FFD3-4B26-B834-B608B18380D3}.Release|x86.ActiveCfg = Release|Any CPU
		{36F1FE3C-151F-42C9-B105-E96738213951}.Debug|Any CPU.ActiveCfg = Debug|Any CPU
		{36F1FE3C-151F-42C9-B105-E96738213951}.Debug|Any CPU.Build.0 = Debug|Any CPU
		{36F1FE3C-151F-42C9-B105-E96738213951}.Debug|Any CPU.Deploy.0 = Debug|Any CPU
		{36F1FE3C-151F-42C9-B105-E96738213951}.Debug|ARM.ActiveCfg = Debug|Any CPU
		{36F1FE3C-151F-42C9-B105-E96738213951}.Debug|x64.ActiveCfg = Debug|Any CPU
		{36F1FE3C-151F-42C9-B105-E96738213951}.Debug|x86.ActiveCfg = Debug|Any CPU
		{36F1FE3C-151F-42C9-B105-E96738213951}.Release|Any CPU.ActiveCfg = Release|Any CPU
		{36F1FE3C-151F-42C9-B105-E96738213951}.Release|Any CPU.Build.0 = Release|Any CPU
		{36F1FE3C-151F-42C9-B105-E96738213951}.Release|Any CPU.Deploy.0 = Release|Any CPU
		{36F1FE3C-151F-42C9-B105-E96738213951}.Release|ARM.ActiveCfg = Release|Any CPU
		{36F1FE3C-151F-42C9-B105-E96738213951}.Release|x64.ActiveCfg = Release|Any CPU
		{36F1FE3C-151F-42C9-B105-E96738213951}.Release|x86.ActiveCfg = Release|Any CPU
		{09EA8184-BC1A-44AB-8A6E-B1FFB1EF7984}.Debug|Any CPU.ActiveCfg = Debug|Any CPU
		{09EA8184-BC1A-44AB-8A6E-B1FFB1EF7984}.Debug|Any CPU.Build.0 = Debug|Any CPU
		{09EA8184-BC1A-44AB-8A6E-B1FFB1EF7984}.Debug|Any CPU.Deploy.0 = Debug|Any CPU
		{09EA8184-BC1A-44AB-8A6E-B1FFB1EF7984}.Debug|ARM.ActiveCfg = Debug|Any CPU
		{09EA8184-BC1A-44AB-8A6E-B1FFB1EF7984}.Debug|x64.ActiveCfg = Debug|Any CPU
		{09EA8184-BC1A-44AB-8A6E-B1FFB1EF7984}.Debug|x86.ActiveCfg = Debug|Any CPU
		{09EA8184-BC1A-44AB-8A6E-B1FFB1EF7984}.Release|Any CPU.ActiveCfg = Release|Any CPU
		{09EA8184-BC1A-44AB-8A6E-B1FFB1EF7984}.Release|Any CPU.Build.0 = Release|Any CPU
		{09EA8184-BC1A-44AB-8A6E-B1FFB1EF7984}.Release|Any CPU.Deploy.0 = Release|Any CPU
		{09EA8184-BC1A-44AB-8A6E-B1FFB1EF7984}.Release|ARM.ActiveCfg = Release|Any CPU
		{09EA8184-BC1A-44AB-8A6E-B1FFB1EF7984}.Release|x64.ActiveCfg = Release|Any CPU
		{09EA8184-BC1A-44AB-8A6E-B1FFB1EF7984}.Release|x86.ActiveCfg = Release|Any CPU
	EndGlobalSection
	GlobalSection(SolutionProperties) = preSolution
		HideSolutionNode = FALSE
	EndGlobalSection
	GlobalSection(NestedProjects) = preSolution
		{B08BAE3F-0831-44B8-BC2F-D2AC08C6BA07} = {9C439B7B-33A0-45F9-A3E3-0072777EA38C}
		{CF0CD72A-F439-40D7-B4B6-B0116DF08792} = {9C439B7B-33A0-45F9-A3E3-0072777EA38C}
		{3799D458-9DD6-4C61-9CCF-6412AEE97300} = {1B083BA9-21C4-4206-896C-0E70A3D26590}
		{79EA979F-ED31-4A48-95E3-59E616703846} = {E067F0A2-6411-402A-ADBA-4466313FC5B8}
		{1314ED27-FFD3-4B26-B834-B608B18380D3} = {ABBF57CA-74EC-4FA8-9D25-E19C284AE701}
		{36F1FE3C-151F-42C9-B105-E96738213951} = {48EF4D4C-E5C4-4B45-9DF9-43C8355666E6}
		{09EA8184-BC1A-44AB-8A6E-B1FFB1EF7984} = {48EF4D4C-E5C4-4B45-9DF9-43C8355666E6}
	EndGlobalSection
	GlobalSection(ExtensibilityGlobals) = postSolution
		EnterpriseLibraryConfigurationToolBinariesPathV6 = packages\EnterpriseLibrary.Common.6.0.1304.0\lib\NET45;packages\EnterpriseLibrary.Data.6.0.1304.0\lib\NET45
	EndGlobalSection
EndGlobal
